// !$*UTF8*$!
{
	archiveVersion = 1;
	classes = {
	};
	objectVersion = 50;
	objects = {

/* Begin PBXBuildFile section */
		F1E491BC9F82131D55D7605A /* Pods_Collega.framework in Frameworks */ = {isa = PBXBuildFile; fileRef = 1E2AF29C4DA7037FBCF1BB8E /* Pods_Collega.framework */; };
		F8006311228223A3001F8845 /* GoogleService-Info.plist in Resources */ = {isa = PBXBuildFile; fileRef = F8006310228223A3001F8845 /* GoogleService-Info.plist */; };
		F808EA9E22FB39E300C5C058 /* UpdateSATScoresViewController.swift in Sources */ = {isa = PBXBuildFile; fileRef = F808EA9D22FB39E300C5C058 /* UpdateSATScoresViewController.swift */; };
		F808EAA022FB695900C5C058 /* UpdateACTScoresViewController.swift in Sources */ = {isa = PBXBuildFile; fileRef = F808EA9F22FB695900C5C058 /* UpdateACTScoresViewController.swift */; };
		F81396A6229E00A100A101B8 /* StudentGenderViewController.swift in Sources */ = {isa = PBXBuildFile; fileRef = F81396A5229E00A100A101B8 /* StudentGenderViewController.swift */; };
		F817121E22D7DD91002C8FCC /* CollegeDetailsViewController.swift in Sources */ = {isa = PBXBuildFile; fileRef = F817121D22D7DD91002C8FCC /* CollegeDetailsViewController.swift */; };
		F81EE06A22FC765200EA13FA /* UpdateFamilyIncomeViewController.swift in Sources */ = {isa = PBXBuildFile; fileRef = F81EE06922FC765200EA13FA /* UpdateFamilyIncomeViewController.swift */; };
		F83ECCA922F3530900E37F21 /* MyChancesViewController.swift in Sources */ = {isa = PBXBuildFile; fileRef = F83ECCA822F3530900E37F21 /* MyChancesViewController.swift */; };
		F841970122C507CA00681120 /* SATScoresQuestionnaireViewController.swift in Sources */ = {isa = PBXBuildFile; fileRef = F841970022C507CA00681120 /* SATScoresQuestionnaireViewController.swift */; };
		F849C65422567C59007068BF /* AppDelegate.swift in Sources */ = {isa = PBXBuildFile; fileRef = F849C65322567C59007068BF /* AppDelegate.swift */; };
		F849C65922567C59007068BF /* Main.storyboard in Resources */ = {isa = PBXBuildFile; fileRef = F849C65722567C59007068BF /* Main.storyboard */; };
		F849C65B22567C5B007068BF /* Assets.xcassets in Resources */ = {isa = PBXBuildFile; fileRef = F849C65A22567C5B007068BF /* Assets.xcassets */; };
		F849C65E22567C5B007068BF /* LaunchScreen.storyboard in Resources */ = {isa = PBXBuildFile; fileRef = F849C65C22567C5B007068BF /* LaunchScreen.storyboard */; };
		F866F1EB22BC3DAD006A17A8 /* StudentEthnicityViewController.swift in Sources */ = {isa = PBXBuildFile; fileRef = F866F1EA22BC3DAD006A17A8 /* StudentEthnicityViewController.swift */; };
		F86D57C122CA67C100A87CF5 /* SATQuestionnaireViewController.swift in Sources */ = {isa = PBXBuildFile; fileRef = F86D57C022CA67C100A87CF5 /* SATQuestionnaireViewController.swift */; };
		F86D57C322CA67D200A87CF5 /* PSATQuestionnaireViewController.swift in Sources */ = {isa = PBXBuildFile; fileRef = F86D57C222CA67D200A87CF5 /* PSATQuestionnaireViewController.swift */; };
		F86D57C722CA689800A87CF5 /* SATPlansViewController.swift in Sources */ = {isa = PBXBuildFile; fileRef = F86D57C622CA689800A87CF5 /* SATPlansViewController.swift */; };
		F88B8A5B2325C37A00D41AF2 /* UpdateGPAViewController.swift in Sources */ = {isa = PBXBuildFile; fileRef = F88B8A5A2325C37A00D41AF2 /* UpdateGPAViewController.swift */; };
		F89951C522EF62F20008F2B6 /* CollegeSearchCostConcernsViewController.swift in Sources */ = {isa = PBXBuildFile; fileRef = F89951C422EF62F20008F2B6 /* CollegeSearchCostConcernsViewController.swift */; };
		F8A4431522CFBB8300100720 /* ACTQuestionnaireViewController.swift in Sources */ = {isa = PBXBuildFile; fileRef = F8A4431422CFBB8300100720 /* ACTQuestionnaireViewController.swift */; };
		F8A4431722CFD63900100720 /* PACTQuestionnaireViewController.swift in Sources */ = {isa = PBXBuildFile; fileRef = F8A4431622CFD63900100720 /* PACTQuestionnaireViewController.swift */; };
		F8A4431922CFD65300100720 /* ACTPlansViewController.swift in Sources */ = {isa = PBXBuildFile; fileRef = F8A4431822CFD65300100720 /* ACTPlansViewController.swift */; };
		F8A4431B22CFD66800100720 /* ACTScoresQuestionnaireViewController.swift in Sources */ = {isa = PBXBuildFile; fileRef = F8A4431A22CFD66800100720 /* ACTScoresQuestionnaireViewController.swift */; };
		F8B97FC9228EF0FF00409A1D /* GeneralInformationQuestionnaireViewController.swift in Sources */ = {isa = PBXBuildFile; fileRef = F8B97FC8228EF0FF00409A1D /* GeneralInformationQuestionnaireViewController.swift */; };
		F8BB7C2722D37A57008B04C9 /* TakingSATorACTViewController.swift in Sources */ = {isa = PBXBuildFile; fileRef = F8BB7C2622D37A57008B04C9 /* TakingSATorACTViewController.swift */; };
		F8BB7C2922D37AD7008B04C9 /* QuestionnaireFinishedViewController.swift in Sources */ = {isa = PBXBuildFile; fileRef = F8BB7C2822D37AD7008B04C9 /* QuestionnaireFinishedViewController.swift */; };
		F8C15A6B22C2E74A004729DA /* CollegeSearch1ViewController.swift in Sources */ = {isa = PBXBuildFile; fileRef = F8C15A6A22C2E74A004729DA /* CollegeSearch1ViewController.swift */; };
		F8C5776422C1285A00E43851 /* FamilyHistoryViewController.swift in Sources */ = {isa = PBXBuildFile; fileRef = F8C5776322C1285A00E43851 /* FamilyHistoryViewController.swift */; };
		F8C5776622C1727300E43851 /* WelcomeBackViewController.swift in Sources */ = {isa = PBXBuildFile; fileRef = F8C5776522C1727300E43851 /* WelcomeBackViewController.swift */; };
		F8DA0FE622C4DDC100545120 /* GPAQuestionnaireViewController.swift in Sources */ = {isa = PBXBuildFile; fileRef = F8DA0FE522C4DDC100545120 /* GPAQuestionnaireViewController.swift */; };
		F8DCBEDF22FE051A00F86467 /* UpdateStudentSexViewController.swift in Sources */ = {isa = PBXBuildFile; fileRef = F8DCBEDE22FE051A00F86467 /* UpdateStudentSexViewController.swift */; };
		F8DCBEE122FE054C00F86467 /* UpdateParentsEducationLevelViewController.swift in Sources */ = {isa = PBXBuildFile; fileRef = F8DCBEE022FE054C00F86467 /* UpdateParentsEducationLevelViewController.swift */; };
		F8DCBEE322FE056A00F86467 /* UpdateStudentEthnicityViewController.swift in Sources */ = {isa = PBXBuildFile; fileRef = F8DCBEE222FE056A00F86467 /* UpdateStudentEthnicityViewController.swift */; };
		F8EF14D722F8714E0016B2A6 /* DistanceParametersViewController.swift in Sources */ = {isa = PBXBuildFile; fileRef = F8EF14D622F8714E0016B2A6 /* DistanceParametersViewController.swift */; };
		F8EF14DB22FB18870016B2A6 /* ConfirmPersonalInformationViewController.swift in Sources */ = {isa = PBXBuildFile; fileRef = F8EF14DA22FB18860016B2A6 /* ConfirmPersonalInformationViewController.swift */; };
		F8FD28052281D93B00BFB8AA /* LogInViewController.swift in Sources */ = {isa = PBXBuildFile; fileRef = F8FD28042281D93B00BFB8AA /* LogInViewController.swift */; };
		F8FD28072281D96C00BFB8AA /* RegistrationViewController.swift in Sources */ = {isa = PBXBuildFile; fileRef = F8FD28062281D96C00BFB8AA /* RegistrationViewController.swift */; };
		F8FD28092281EC0A00BFB8AA /* WelcomeViewController.swift in Sources */ = {isa = PBXBuildFile; fileRef = F8FD28082281EC0A00BFB8AA /* WelcomeViewController.swift */; };
/* End PBXBuildFile section */

/* Begin PBXFileReference section */
		1E2AF29C4DA7037FBCF1BB8E /* Pods_Collega.framework */ = {isa = PBXFileReference; explicitFileType = wrapper.framework; includeInIndex = 0; path = Pods_Collega.framework; sourceTree = BUILT_PRODUCTS_DIR; };
		537BBDE89291835477F50128 /* Pods-Collega.release.xcconfig */ = {isa = PBXFileReference; includeInIndex = 1; lastKnownFileType = text.xcconfig; name = "Pods-Collega.release.xcconfig"; path = "Target Support Files/Pods-Collega/Pods-Collega.release.xcconfig"; sourceTree = "<group>"; };
		ABF9009FE7010CCB6793CB5A /* Pods-Collega.debug.xcconfig */ = {isa = PBXFileReference; includeInIndex = 1; lastKnownFileType = text.xcconfig; name = "Pods-Collega.debug.xcconfig"; path = "Target Support Files/Pods-Collega/Pods-Collega.debug.xcconfig"; sourceTree = "<group>"; };
		F8006310228223A3001F8845 /* GoogleService-Info.plist */ = {isa = PBXFileReference; fileEncoding = 4; lastKnownFileType = text.plist.xml; path = "GoogleService-Info.plist"; sourceTree = "<group>"; };
		F808EA9D22FB39E300C5C058 /* UpdateSATScoresViewController.swift */ = {isa = PBXFileReference; lastKnownFileType = sourcecode.swift; path = UpdateSATScoresViewController.swift; sourceTree = "<group>"; };
		F808EA9F22FB695900C5C058 /* UpdateACTScoresViewController.swift */ = {isa = PBXFileReference; lastKnownFileType = sourcecode.swift; path = UpdateACTScoresViewController.swift; sourceTree = "<group>"; };
		F81396A5229E00A100A101B8 /* StudentGenderViewController.swift */ = {isa = PBXFileReference; lastKnownFileType = sourcecode.swift; path = StudentGenderViewController.swift; sourceTree = "<group>"; };
		F817121D22D7DD91002C8FCC /* CollegeDetailsViewController.swift */ = {isa = PBXFileReference; lastKnownFileType = sourcecode.swift; path = CollegeDetailsViewController.swift; sourceTree = "<group>"; };
		F81EE06922FC765200EA13FA /* UpdateFamilyIncomeViewController.swift */ = {isa = PBXFileReference; lastKnownFileType = sourcecode.swift; path = UpdateFamilyIncomeViewController.swift; sourceTree = "<group>"; };
		F83ECCA822F3530900E37F21 /* MyChancesViewController.swift */ = {isa = PBXFileReference; lastKnownFileType = sourcecode.swift; path = MyChancesViewController.swift; sourceTree = "<group>"; };
		F841970022C507CA00681120 /* SATScoresQuestionnaireViewController.swift */ = {isa = PBXFileReference; lastKnownFileType = sourcecode.swift; path = SATScoresQuestionnaireViewController.swift; sourceTree = "<group>"; };
		F849C65022567C59007068BF /* Collega.app */ = {isa = PBXFileReference; explicitFileType = wrapper.application; includeInIndex = 0; path = Collega.app; sourceTree = BUILT_PRODUCTS_DIR; };
		F849C65322567C59007068BF /* AppDelegate.swift */ = {isa = PBXFileReference; lastKnownFileType = sourcecode.swift; path = AppDelegate.swift; sourceTree = "<group>"; };
		F849C65822567C59007068BF /* Base */ = {isa = PBXFileReference; lastKnownFileType = file.storyboard; name = Base; path = Base.lproj/Main.storyboard; sourceTree = "<group>"; };
		F849C65A22567C5B007068BF /* Assets.xcassets */ = {isa = PBXFileReference; lastKnownFileType = folder.assetcatalog; path = Assets.xcassets; sourceTree = "<group>"; };
		F849C65D22567C5B007068BF /* Base */ = {isa = PBXFileReference; lastKnownFileType = file.storyboard; name = Base; path = Base.lproj/LaunchScreen.storyboard; sourceTree = "<group>"; };
		F849C65F22567C5B007068BF /* Info.plist */ = {isa = PBXFileReference; lastKnownFileType = text.plist.xml; path = Info.plist; sourceTree = "<group>"; };
		F866F1EA22BC3DAD006A17A8 /* StudentEthnicityViewController.swift */ = {isa = PBXFileReference; lastKnownFileType = sourcecode.swift; path = StudentEthnicityViewController.swift; sourceTree = "<group>"; };
		F86D57C022CA67C100A87CF5 /* SATQuestionnaireViewController.swift */ = {isa = PBXFileReference; lastKnownFileType = sourcecode.swift; path = SATQuestionnaireViewController.swift; sourceTree = "<group>"; };
		F86D57C222CA67D200A87CF5 /* PSATQuestionnaireViewController.swift */ = {isa = PBXFileReference; lastKnownFileType = sourcecode.swift; path = PSATQuestionnaireViewController.swift; sourceTree = "<group>"; };
		F86D57C622CA689800A87CF5 /* SATPlansViewController.swift */ = {isa = PBXFileReference; lastKnownFileType = sourcecode.swift; path = SATPlansViewController.swift; sourceTree = "<group>"; };
		F88B8A5A2325C37A00D41AF2 /* UpdateGPAViewController.swift */ = {isa = PBXFileReference; lastKnownFileType = sourcecode.swift; path = UpdateGPAViewController.swift; sourceTree = "<group>"; };
		F89951C422EF62F20008F2B6 /* CollegeSearchCostConcernsViewController.swift */ = {isa = PBXFileReference; lastKnownFileType = sourcecode.swift; path = CollegeSearchCostConcernsViewController.swift; sourceTree = "<group>"; };
		F8A4431422CFBB8300100720 /* ACTQuestionnaireViewController.swift */ = {isa = PBXFileReference; lastKnownFileType = sourcecode.swift; path = ACTQuestionnaireViewController.swift; sourceTree = "<group>"; };
		F8A4431622CFD63900100720 /* PACTQuestionnaireViewController.swift */ = {isa = PBXFileReference; lastKnownFileType = sourcecode.swift; path = PACTQuestionnaireViewController.swift; sourceTree = "<group>"; };
		F8A4431822CFD65300100720 /* ACTPlansViewController.swift */ = {isa = PBXFileReference; lastKnownFileType = sourcecode.swift; path = ACTPlansViewController.swift; sourceTree = "<group>"; };
		F8A4431A22CFD66800100720 /* ACTScoresQuestionnaireViewController.swift */ = {isa = PBXFileReference; lastKnownFileType = sourcecode.swift; path = ACTScoresQuestionnaireViewController.swift; sourceTree = "<group>"; };
		F8B97FC8228EF0FF00409A1D /* GeneralInformationQuestionnaireViewController.swift */ = {isa = PBXFileReference; lastKnownFileType = sourcecode.swift; path = GeneralInformationQuestionnaireViewController.swift; sourceTree = "<group>"; };
		F8BB7C2622D37A57008B04C9 /* TakingSATorACTViewController.swift */ = {isa = PBXFileReference; lastKnownFileType = sourcecode.swift; name = TakingSATorACTViewController.swift; path = ../TakingSATorACTViewController.swift; sourceTree = "<group>"; };
		F8BB7C2822D37AD7008B04C9 /* QuestionnaireFinishedViewController.swift */ = {isa = PBXFileReference; lastKnownFileType = sourcecode.swift; path = QuestionnaireFinishedViewController.swift; sourceTree = "<group>"; };
		F8C15A6A22C2E74A004729DA /* CollegeSearch1ViewController.swift */ = {isa = PBXFileReference; lastKnownFileType = sourcecode.swift; path = CollegeSearch1ViewController.swift; sourceTree = "<group>"; };
		F8C5776322C1285A00E43851 /* FamilyHistoryViewController.swift */ = {isa = PBXFileReference; lastKnownFileType = sourcecode.swift; path = FamilyHistoryViewController.swift; sourceTree = "<group>"; };
		F8C5776522C1727300E43851 /* WelcomeBackViewController.swift */ = {isa = PBXFileReference; lastKnownFileType = sourcecode.swift; path = WelcomeBackViewController.swift; sourceTree = "<group>"; };
		F8DA0FE522C4DDC100545120 /* GPAQuestionnaireViewController.swift */ = {isa = PBXFileReference; lastKnownFileType = sourcecode.swift; path = GPAQuestionnaireViewController.swift; sourceTree = "<group>"; };
		F8DCBEDE22FE051A00F86467 /* UpdateStudentSexViewController.swift */ = {isa = PBXFileReference; lastKnownFileType = sourcecode.swift; path = UpdateStudentSexViewController.swift; sourceTree = "<group>"; };
		F8DCBEE022FE054C00F86467 /* UpdateParentsEducationLevelViewController.swift */ = {isa = PBXFileReference; lastKnownFileType = sourcecode.swift; path = UpdateParentsEducationLevelViewController.swift; sourceTree = "<group>"; };
		F8DCBEE222FE056A00F86467 /* UpdateStudentEthnicityViewController.swift */ = {isa = PBXFileReference; lastKnownFileType = sourcecode.swift; path = UpdateStudentEthnicityViewController.swift; sourceTree = "<group>"; };
		F8EF14D622F8714E0016B2A6 /* DistanceParametersViewController.swift */ = {isa = PBXFileReference; lastKnownFileType = sourcecode.swift; name = DistanceParametersViewController.swift; path = ../DistanceParametersViewController.swift; sourceTree = "<group>"; };
		F8EF14DA22FB18860016B2A6 /* ConfirmPersonalInformationViewController.swift */ = {isa = PBXFileReference; lastKnownFileType = sourcecode.swift; path = ConfirmPersonalInformationViewController.swift; sourceTree = "<group>"; };
		F8FD28042281D93B00BFB8AA /* LogInViewController.swift */ = {isa = PBXFileReference; lastKnownFileType = sourcecode.swift; path = LogInViewController.swift; sourceTree = "<group>"; };
		F8FD28062281D96C00BFB8AA /* RegistrationViewController.swift */ = {isa = PBXFileReference; lastKnownFileType = sourcecode.swift; path = RegistrationViewController.swift; sourceTree = "<group>"; };
		F8FD28082281EC0A00BFB8AA /* WelcomeViewController.swift */ = {isa = PBXFileReference; lastKnownFileType = sourcecode.swift; path = WelcomeViewController.swift; sourceTree = "<group>"; };
/* End PBXFileReference section */

/* Begin PBXFrameworksBuildPhase section */
		F849C64D22567C59007068BF /* Frameworks */ = {
			isa = PBXFrameworksBuildPhase;
			buildActionMask = 2147483647;
			files = (
				F1E491BC9F82131D55D7605A /* Pods_Collega.framework in Frameworks */,
			);
			runOnlyForDeploymentPostprocessing = 0;
		};
/* End PBXFrameworksBuildPhase section */

/* Begin PBXGroup section */
		2C78E9B662A54A9E965B6926 /* Frameworks */ = {
			isa = PBXGroup;
			children = (
				1E2AF29C4DA7037FBCF1BB8E /* Pods_Collega.framework */,
			);
			name = Frameworks;
			sourceTree = "<group>";
		};
		CE4D355FF61FADE1822AC153 /* Pods */ = {
			isa = PBXGroup;
			children = (
				ABF9009FE7010CCB6793CB5A /* Pods-Collega.debug.xcconfig */,
				537BBDE89291835477F50128 /* Pods-Collega.release.xcconfig */,
			);
			path = Pods;
			sourceTree = "<group>";
		};
		F849C64722567C59007068BF = {
			isa = PBXGroup;
			children = (
				F849C65222567C59007068BF /* Collega */,
				F849C65122567C59007068BF /* Products */,
				CE4D355FF61FADE1822AC153 /* Pods */,
				2C78E9B662A54A9E965B6926 /* Frameworks */,
			);
			sourceTree = "<group>";
		};
		F849C65122567C59007068BF /* Products */ = {
			isa = PBXGroup;
			children = (
				F849C65022567C59007068BF /* Collega.app */,
			);
			name = Products;
			sourceTree = "<group>";
		};
		F849C65222567C59007068BF /* Collega */ = {
			isa = PBXGroup;
			children = (
				F849C65322567C59007068BF /* AppDelegate.swift */,
				F849C65722567C59007068BF /* Main.storyboard */,
				F86D57C422CA67EC00A87CF5 /* Login and Registration */,
				F86D57C522CA681F00A87CF5 /* Questionnaire */,
				F86D57BF22CA5BD100A87CF5 /* Academic Questions */,
				F8E90BB122DD0B070035BFE7 /* College Search */,
				F8FD28082281EC0A00BFB8AA /* WelcomeViewController.swift */,
				F849C65A22567C5B007068BF /* Assets.xcassets */,
				F849C65C22567C5B007068BF /* LaunchScreen.storyboard */,
				F849C65F22567C5B007068BF /* Info.plist */,
				F8006310228223A3001F8845 /* GoogleService-Info.plist */,
			);
			path = Collega;
			sourceTree = "<group>";
		};
		F86D57BF22CA5BD100A87CF5 /* Academic Questions */ = {
			isa = PBXGroup;
			children = (
				F8DA0FE522C4DDC100545120 /* GPAQuestionnaireViewController.swift */,
				F86D57C022CA67C100A87CF5 /* SATQuestionnaireViewController.swift */,
				F86D57C222CA67D200A87CF5 /* PSATQuestionnaireViewController.swift */,
				F86D57C622CA689800A87CF5 /* SATPlansViewController.swift */,
				F841970022C507CA00681120 /* SATScoresQuestionnaireViewController.swift */,
				F8A4431422CFBB8300100720 /* ACTQuestionnaireViewController.swift */,
				F8A4431622CFD63900100720 /* PACTQuestionnaireViewController.swift */,
				F8A4431822CFD65300100720 /* ACTPlansViewController.swift */,
				F8A4431A22CFD66800100720 /* ACTScoresQuestionnaireViewController.swift */,
				F8BB7C2622D37A57008B04C9 /* TakingSATorACTViewController.swift */,
			);
			path = "Academic Questions";
			sourceTree = "<group>";
		};
		F86D57C422CA67EC00A87CF5 /* Login and Registration */ = {
			isa = PBXGroup;
			children = (
				F8FD28062281D96C00BFB8AA /* RegistrationViewController.swift */,
				F8FD28042281D93B00BFB8AA /* LogInViewController.swift */,
				F8C5776522C1727300E43851 /* WelcomeBackViewController.swift */,
			);
			path = "Login and Registration";
			sourceTree = "<group>";
		};
		F86D57C522CA681F00A87CF5 /* Questionnaire */ = {
			isa = PBXGroup;
			children = (
				F8C5776322C1285A00E43851 /* FamilyHistoryViewController.swift */,
				F866F1EA22BC3DAD006A17A8 /* StudentEthnicityViewController.swift */,
				F81396A5229E00A100A101B8 /* StudentGenderViewController.swift */,
				F8B97FC8228EF0FF00409A1D /* GeneralInformationQuestionnaireViewController.swift */,
				F8BB7C2822D37AD7008B04C9 /* QuestionnaireFinishedViewController.swift */,
			);
			path = Questionnaire;
			sourceTree = "<group>";
		};
		F8E90BB122DD0B070035BFE7 /* College Search */ = {
			isa = PBXGroup;
			children = (
				F8C15A6A22C2E74A004729DA /* CollegeSearch1ViewController.swift */,
				F817121D22D7DD91002C8FCC /* CollegeDetailsViewController.swift */,
				F89951C422EF62F20008F2B6 /* CollegeSearchCostConcernsViewController.swift */,
				F83ECCA822F3530900E37F21 /* MyChancesViewController.swift */,
				F8EF14D622F8714E0016B2A6 /* DistanceParametersViewController.swift */,
				F8EF14DA22FB18860016B2A6 /* ConfirmPersonalInformationViewController.swift */,
				F808EA9D22FB39E300C5C058 /* UpdateSATScoresViewController.swift */,
				F808EA9F22FB695900C5C058 /* UpdateACTScoresViewController.swift */,
				F81EE06922FC765200EA13FA /* UpdateFamilyIncomeViewController.swift */,
				F8DCBEDE22FE051A00F86467 /* UpdateStudentSexViewController.swift */,
				F8DCBEE022FE054C00F86467 /* UpdateParentsEducationLevelViewController.swift */,
				F8DCBEE222FE056A00F86467 /* UpdateStudentEthnicityViewController.swift */,
				F88B8A5A2325C37A00D41AF2 /* UpdateGPAViewController.swift */,
			);
			path = "College Search";
			sourceTree = "<group>";
		};
/* End PBXGroup section */

/* Begin PBXNativeTarget section */
		F849C64F22567C59007068BF /* Collega */ = {
			isa = PBXNativeTarget;
			buildConfigurationList = F849C66222567C5B007068BF /* Build configuration list for PBXNativeTarget "Collega" */;
			buildPhases = (
				209B72316AC966C425BA3F17 /* [CP] Check Pods Manifest.lock */,
				F849C64C22567C59007068BF /* Sources */,
				F849C64D22567C59007068BF /* Frameworks */,
				F849C64E22567C59007068BF /* Resources */,
				DDDA72DBE856376BBB7695F6 /* [CP] Embed Pods Frameworks */,
			);
			buildRules = (
			);
			dependencies = (
			);
			name = Collega;
			productName = Collega;
			productReference = F849C65022567C59007068BF /* Collega.app */;
			productType = "com.apple.product-type.application";
		};
/* End PBXNativeTarget section */

/* Begin PBXProject section */
		F849C64822567C59007068BF /* Project object */ = {
			isa = PBXProject;
			attributes = {
				LastSwiftUpdateCheck = 1010;
				LastUpgradeCheck = 1010;
				ORGANIZATIONNAME = "Gloop Media";
				TargetAttributes = {
					F849C64F22567C59007068BF = {
						CreatedOnToolsVersion = 10.1;
					};
				};
			};
			buildConfigurationList = F849C64B22567C59007068BF /* Build configuration list for PBXProject "Collega" */;
			compatibilityVersion = "Xcode 9.3";
			developmentRegion = en;
			hasScannedForEncodings = 0;
			knownRegions = (
				en,
				Base,
			);
			mainGroup = F849C64722567C59007068BF;
			productRefGroup = F849C65122567C59007068BF /* Products */;
			projectDirPath = "";
			projectRoot = "";
			targets = (
				F849C64F22567C59007068BF /* Collega */,
			);
		};
/* End PBXProject section */

/* Begin PBXResourcesBuildPhase section */
		F849C64E22567C59007068BF /* Resources */ = {
			isa = PBXResourcesBuildPhase;
			buildActionMask = 2147483647;
			files = (
				F849C65E22567C5B007068BF /* LaunchScreen.storyboard in Resources */,
				F8006311228223A3001F8845 /* GoogleService-Info.plist in Resources */,
				F849C65B22567C5B007068BF /* Assets.xcassets in Resources */,
				F849C65922567C59007068BF /* Main.storyboard in Resources */,
			);
			runOnlyForDeploymentPostprocessing = 0;
		};
/* End PBXResourcesBuildPhase section */

/* Begin PBXShellScriptBuildPhase section */
		209B72316AC966C425BA3F17 /* [CP] Check Pods Manifest.lock */ = {
			isa = PBXShellScriptBuildPhase;
			buildActionMask = 2147483647;
			files = (
			);
			inputFileListPaths = (
			);
			inputPaths = (
				"${PODS_PODFILE_DIR_PATH}/Podfile.lock",
				"${PODS_ROOT}/Manifest.lock",
			);
			name = "[CP] Check Pods Manifest.lock";
			outputFileListPaths = (
			);
			outputPaths = (
				"$(DERIVED_FILE_DIR)/Pods-Collega-checkManifestLockResult.txt",
			);
			runOnlyForDeploymentPostprocessing = 0;
			shellPath = /bin/sh;
			shellScript = "diff \"${PODS_PODFILE_DIR_PATH}/Podfile.lock\" \"${PODS_ROOT}/Manifest.lock\" > /dev/null\nif [ $? != 0 ] ; then\n    # print error to STDERR\n    echo \"error: The sandbox is not in sync with the Podfile.lock. Run 'pod install' or update your CocoaPods installation.\" >&2\n    exit 1\nfi\n# This output is used by Xcode 'outputs' to avoid re-running this script phase.\necho \"SUCCESS\" > \"${SCRIPT_OUTPUT_FILE_0}\"\n";
			showEnvVarsInLog = 0;
		};
		DDDA72DBE856376BBB7695F6 /* [CP] Embed Pods Frameworks */ = {
			isa = PBXShellScriptBuildPhase;
			buildActionMask = 2147483647;
			files = (
			);
			inputFileListPaths = (
			);
			inputPaths = (
				"${PODS_ROOT}/Target Support Files/Pods-Collega/Pods-Collega-frameworks.sh",
				"${BUILT_PRODUCTS_DIR}/Alamofire/Alamofire.framework",
				"${BUILT_PRODUCTS_DIR}/GTMSessionFetcher/GTMSessionFetcher.framework",
				"${BUILT_PRODUCTS_DIR}/GoogleUtilities/GoogleUtilities.framework",
				"${BUILT_PRODUCTS_DIR}/SVProgressHUD/SVProgressHUD.framework",
				"${BUILT_PRODUCTS_DIR}/SwiftyJSON/SwiftyJSON.framework",
				"${BUILT_PRODUCTS_DIR}/leveldb-library/leveldb.framework",
				"${BUILT_PRODUCTS_DIR}/nanopb/nanopb.framework",
			);
			name = "[CP] Embed Pods Frameworks";
			outputFileListPaths = (
			);
			outputPaths = (
				"${TARGET_BUILD_DIR}/${FRAMEWORKS_FOLDER_PATH}/Alamofire.framework",
				"${TARGET_BUILD_DIR}/${FRAMEWORKS_FOLDER_PATH}/GTMSessionFetcher.framework",
				"${TARGET_BUILD_DIR}/${FRAMEWORKS_FOLDER_PATH}/GoogleUtilities.framework",
				"${TARGET_BUILD_DIR}/${FRAMEWORKS_FOLDER_PATH}/SVProgressHUD.framework",
				"${TARGET_BUILD_DIR}/${FRAMEWORKS_FOLDER_PATH}/SwiftyJSON.framework",
				"${TARGET_BUILD_DIR}/${FRAMEWORKS_FOLDER_PATH}/leveldb.framework",
				"${TARGET_BUILD_DIR}/${FRAMEWORKS_FOLDER_PATH}/nanopb.framework",
			);
			runOnlyForDeploymentPostprocessing = 0;
			shellPath = /bin/sh;
			shellScript = "\"${PODS_ROOT}/Target Support Files/Pods-Collega/Pods-Collega-frameworks.sh\"\n";
			showEnvVarsInLog = 0;
		};
/* End PBXShellScriptBuildPhase section */

/* Begin PBXSourcesBuildPhase section */
		F849C64C22567C59007068BF /* Sources */ = {
			isa = PBXSourcesBuildPhase;
			buildActionMask = 2147483647;
			files = (
				F8A4431722CFD63900100720 /* PACTQuestionnaireViewController.swift in Sources */,
				F88B8A5B2325C37A00D41AF2 /* UpdateGPAViewController.swift in Sources */,
				F8FD28052281D93B00BFB8AA /* LogInViewController.swift in Sources */,
				F81EE06A22FC765200EA13FA /* UpdateFamilyIncomeViewController.swift in Sources */,
				F808EA9E22FB39E300C5C058 /* UpdateSATScoresViewController.swift in Sources */,
				F83ECCA922F3530900E37F21 /* MyChancesViewController.swift in Sources */,
				F8B97FC9228EF0FF00409A1D /* GeneralInformationQuestionnaireViewController.swift in Sources */,
				F8BB7C2722D37A57008B04C9 /* TakingSATorACTViewController.swift in Sources */,
				F866F1EB22BC3DAD006A17A8 /* StudentEthnicityViewController.swift in Sources */,
				F8EF14D722F8714E0016B2A6 /* DistanceParametersViewController.swift in Sources */,
				F8DCBEE122FE054C00F86467 /* UpdateParentsEducationLevelViewController.swift in Sources */,
				F8C5776622C1727300E43851 /* WelcomeBackViewController.swift in Sources */,
				F8FD28092281EC0A00BFB8AA /* WelcomeViewController.swift in Sources */,
				F81396A6229E00A100A101B8 /* StudentGenderViewController.swift in Sources */,
				F8C15A6B22C2E74A004729DA /* CollegeSearch1ViewController.swift in Sources */,
				F8C5776422C1285A00E43851 /* FamilyHistoryViewController.swift in Sources */,
				F86D57C322CA67D200A87CF5 /* PSATQuestionnaireViewController.swift in Sources */,
				F86D57C722CA689800A87CF5 /* SATPlansViewController.swift in Sources */,
				F808EAA022FB695900C5C058 /* UpdateACTScoresViewController.swift in Sources */,
				F8A4431B22CFD66800100720 /* ACTScoresQuestionnaireViewController.swift in Sources */,
				F8DCBEDF22FE051A00F86467 /* UpdateStudentSexViewController.swift in Sources */,
				F8DA0FE622C4DDC100545120 /* GPAQuestionnaireViewController.swift in Sources */,
				F8FD28072281D96C00BFB8AA /* RegistrationViewController.swift in Sources */,
				F817121E22D7DD91002C8FCC /* CollegeDetailsViewController.swift in Sources */,
				F8EF14DB22FB18870016B2A6 /* ConfirmPersonalInformationViewController.swift in Sources */,
				F841970122C507CA00681120 /* SATScoresQuestionnaireViewController.swift in Sources */,
				F89951C522EF62F20008F2B6 /* CollegeSearchCostConcernsViewController.swift in Sources */,
				F8A4431922CFD65300100720 /* ACTPlansViewController.swift in Sources */,
				F8A4431522CFBB8300100720 /* ACTQuestionnaireViewController.swift in Sources */,
				F8BB7C2922D37AD7008B04C9 /* QuestionnaireFinishedViewController.swift in Sources */,
				F86D57C122CA67C100A87CF5 /* SATQuestionnaireViewController.swift in Sources */,
				F849C65422567C59007068BF /* AppDelegate.swift in Sources */,
				F8DCBEE322FE056A00F86467 /* UpdateStudentEthnicityViewController.swift in Sources */,
			);
			runOnlyForDeploymentPostprocessing = 0;
		};
/* End PBXSourcesBuildPhase section */

/* Begin PBXVariantGroup section */
		F849C65722567C59007068BF /* Main.storyboard */ = {
			isa = PBXVariantGroup;
			children = (
				F849C65822567C59007068BF /* Base */,
			);
			name = Main.storyboard;
			sourceTree = "<group>";
		};
		F849C65C22567C5B007068BF /* LaunchScreen.storyboard */ = {
			isa = PBXVariantGroup;
			children = (
				F849C65D22567C5B007068BF /* Base */,
			);
			name = LaunchScreen.storyboard;
			sourceTree = "<group>";
		};
/* End PBXVariantGroup section */

/* Begin XCBuildConfiguration section */
		F849C66022567C5B007068BF /* Debug */ = {
			isa = XCBuildConfiguration;
			buildSettings = {
				ALWAYS_SEARCH_USER_PATHS = NO;
				CLANG_ANALYZER_NONNULL = YES;
				CLANG_ANALYZER_NUMBER_OBJECT_CONVERSION = YES_AGGRESSIVE;
				CLANG_CXX_LANGUAGE_STANDARD = "gnu++14";
				CLANG_CXX_LIBRARY = "libc++";
				CLANG_ENABLE_MODULES = YES;
				CLANG_ENABLE_OBJC_ARC = YES;
				CLANG_ENABLE_OBJC_WEAK = YES;
				CLANG_WARN_BLOCK_CAPTURE_AUTORELEASING = YES;
				CLANG_WARN_BOOL_CONVERSION = YES;
				CLANG_WARN_COMMA = YES;
				CLANG_WARN_CONSTANT_CONVERSION = YES;
				CLANG_WARN_DEPRECATED_OBJC_IMPLEMENTATIONS = YES;
				CLANG_WARN_DIRECT_OBJC_ISA_USAGE = YES_ERROR;
				CLANG_WARN_DOCUMENTATION_COMMENTS = YES;
				CLANG_WARN_EMPTY_BODY = YES;
				CLANG_WARN_ENUM_CONVERSION = YES;
				CLANG_WARN_INFINITE_RECURSION = YES;
				CLANG_WARN_INT_CONVERSION = YES;
				CLANG_WARN_NON_LITERAL_NULL_CONVERSION = YES;
				CLANG_WARN_OBJC_IMPLICIT_RETAIN_SELF = YES;
				CLANG_WARN_OBJC_LITERAL_CONVERSION = YES;
				CLANG_WARN_OBJC_ROOT_CLASS = YES_ERROR;
				CLANG_WARN_RANGE_LOOP_ANALYSIS = YES;
				CLANG_WARN_STRICT_PROTOTYPES = YES;
				CLANG_WARN_SUSPICIOUS_MOVE = YES;
				CLANG_WARN_UNGUARDED_AVAILABILITY = YES_AGGRESSIVE;
				CLANG_WARN_UNREACHABLE_CODE = YES;
				CLANG_WARN__DUPLICATE_METHOD_MATCH = YES;
				CODE_SIGN_IDENTITY = "iPhone Developer";
				COPY_PHASE_STRIP = NO;
				DEBUG_INFORMATION_FORMAT = dwarf;
				ENABLE_STRICT_OBJC_MSGSEND = YES;
				ENABLE_TESTABILITY = YES;
				GCC_C_LANGUAGE_STANDARD = gnu11;
				GCC_DYNAMIC_NO_PIC = NO;
				GCC_NO_COMMON_BLOCKS = YES;
				GCC_OPTIMIZATION_LEVEL = 0;
				GCC_PREPROCESSOR_DEFINITIONS = (
					"DEBUG=1",
					"$(inherited)",
				);
				GCC_WARN_64_TO_32_BIT_CONVERSION = YES;
				GCC_WARN_ABOUT_RETURN_TYPE = YES_ERROR;
				GCC_WARN_UNDECLARED_SELECTOR = YES;
				GCC_WARN_UNINITIALIZED_AUTOS = YES_AGGRESSIVE;
				GCC_WARN_UNUSED_FUNCTION = YES;
				GCC_WARN_UNUSED_VARIABLE = YES;
				IPHONEOS_DEPLOYMENT_TARGET = 12.1;
				MTL_ENABLE_DEBUG_INFO = INCLUDE_SOURCE;
				MTL_FAST_MATH = YES;
				ONLY_ACTIVE_ARCH = YES;
				SDKROOT = iphoneos;
				SWIFT_ACTIVE_COMPILATION_CONDITIONS = DEBUG;
				SWIFT_OPTIMIZATION_LEVEL = "-Onone";
			};
			name = Debug;
		};
		F849C66122567C5B007068BF /* Release */ = {
			isa = XCBuildConfiguration;
			buildSettings = {
				ALWAYS_SEARCH_USER_PATHS = NO;
				CLANG_ANALYZER_NONNULL = YES;
				CLANG_ANALYZER_NUMBER_OBJECT_CONVERSION = YES_AGGRESSIVE;
				CLANG_CXX_LANGUAGE_STANDARD = "gnu++14";
				CLANG_CXX_LIBRARY = "libc++";
				CLANG_ENABLE_MODULES = YES;
				CLANG_ENABLE_OBJC_ARC = YES;
				CLANG_ENABLE_OBJC_WEAK = YES;
				CLANG_WARN_BLOCK_CAPTURE_AUTORELEASING = YES;
				CLANG_WARN_BOOL_CONVERSION = YES;
				CLANG_WARN_COMMA = YES;
				CLANG_WARN_CONSTANT_CONVERSION = YES;
				CLANG_WARN_DEPRECATED_OBJC_IMPLEMENTATIONS = YES;
				CLANG_WARN_DIRECT_OBJC_ISA_USAGE = YES_ERROR;
				CLANG_WARN_DOCUMENTATION_COMMENTS = YES;
				CLANG_WARN_EMPTY_BODY = YES;
				CLANG_WARN_ENUM_CONVERSION = YES;
				CLANG_WARN_INFINITE_RECURSION = YES;
				CLANG_WARN_INT_CONVERSION = YES;
				CLANG_WARN_NON_LITERAL_NULL_CONVERSION = YES;
				CLANG_WARN_OBJC_IMPLICIT_RETAIN_SELF = YES;
				CLANG_WARN_OBJC_LITERAL_CONVERSION = YES;
				CLANG_WARN_OBJC_ROOT_CLASS = YES_ERROR;
				CLANG_WARN_RANGE_LOOP_ANALYSIS = YES;
				CLANG_WARN_STRICT_PROTOTYPES = YES;
				CLANG_WARN_SUSPICIOUS_MOVE = YES;
				CLANG_WARN_UNGUARDED_AVAILABILITY = YES_AGGRESSIVE;
				CLANG_WARN_UNREACHABLE_CODE = YES;
				CLANG_WARN__DUPLICATE_METHOD_MATCH = YES;
				CODE_SIGN_IDENTITY = "iPhone Developer";
				COPY_PHASE_STRIP = NO;
				DEBUG_INFORMATION_FORMAT = "dwarf-with-dsym";
				ENABLE_NS_ASSERTIONS = NO;
				ENABLE_STRICT_OBJC_MSGSEND = YES;
				GCC_C_LANGUAGE_STANDARD = gnu11;
				GCC_NO_COMMON_BLOCKS = YES;
				GCC_WARN_64_TO_32_BIT_CONVERSION = YES;
				GCC_WARN_ABOUT_RETURN_TYPE = YES_ERROR;
				GCC_WARN_UNDECLARED_SELECTOR = YES;
				GCC_WARN_UNINITIALIZED_AUTOS = YES_AGGRESSIVE;
				GCC_WARN_UNUSED_FUNCTION = YES;
				GCC_WARN_UNUSED_VARIABLE = YES;
				IPHONEOS_DEPLOYMENT_TARGET = 12.1;
				MTL_ENABLE_DEBUG_INFO = NO;
				MTL_FAST_MATH = YES;
				SDKROOT = iphoneos;
				SWIFT_COMPILATION_MODE = wholemodule;
				SWIFT_OPTIMIZATION_LEVEL = "-O";
				VALIDATE_PRODUCT = YES;
			};
			name = Release;
		};
		F849C66322567C5B007068BF /* Debug */ = {
			isa = XCBuildConfiguration;
			baseConfigurationReference = ABF9009FE7010CCB6793CB5A /* Pods-Collega.debug.xcconfig */;
			buildSettings = {
				ASSETCATALOG_COMPILER_APPICON_NAME = AppIcon;
				CODE_SIGN_STYLE = Automatic;
				DEVELOPMENT_TEAM = H46Q37Y5CW;
				INFOPLIST_FILE = Collega/Info.plist;
				LD_RUNPATH_SEARCH_PATHS = (
					"$(inherited)",
					"@executable_path/Frameworks",
				);
				PRODUCT_BUNDLE_IDENTIFIER = com.gloopmedia.Collega;
				PRODUCT_NAME = "$(TARGET_NAME)";
				SWIFT_VERSION = 4.2;
				TARGETED_DEVICE_FAMILY = "1,2";
			};
			name = Debug;
		};
		F849C66422567C5B007068BF /* Release */ = {
			isa = XCBuildConfiguration;
			baseConfigurationReference = 537BBDE89291835477F50128 /* Pods-Collega.release.xcconfig */;
			buildSettings = {
				ASSETCATALOG_COMPILER_APPICON_NAME = AppIcon;
				CODE_SIGN_STYLE = Automatic;
				DEVELOPMENT_TEAM = H46Q37Y5CW;
				INFOPLIST_FILE = Collega/Info.plist;
				LD_RUNPATH_SEARCH_PATHS = (
					"$(inherited)",
					"@executable_path/Frameworks",
				);
				PRODUCT_BUNDLE_IDENTIFIER = com.gloopmedia.Collega;
				PRODUCT_NAME = "$(TARGET_NAME)";
				SWIFT_VERSION = 4.2;
				TARGETED_DEVICE_FAMILY = "1,2";
			};
			name = Release;
		};
/* End XCBuildConfiguration section */

/* Begin XCConfigurationList section */
		F849C64B22567C59007068BF /* Build configuration list for PBXProject "Collega" */ = {
			isa = XCConfigurationList;
			buildConfigurations = (
				F849C66022567C5B007068BF /* Debug */,
				F849C66122567C5B007068BF /* Release */,
			);
			defaultConfigurationIsVisible = 0;
			defaultConfigurationName = Release;
		};
		F849C66222567C5B007068BF /* Build configuration list for PBXNativeTarget "Collega" */ = {
			isa = XCConfigurationList;
			buildConfigurations = (
				F849C66322567C5B007068BF /* Debug */,
				F849C66422567C5B007068BF /* Release */,
			);
			defaultConfigurationIsVisible = 0;
			defaultConfigurationName = Release;
		};
/* End XCConfigurationList section */
	};
	rootObject = F849C64822567C59007068BF /* Project object */;
}
